
Microsoft Visual Studio Solution File, Format Version 12.00
# Visual Studio 15
VisualStudioVersion = 15.0.28307.1145
MinimumVisualStudioVersion = 10.0.40219.1
Project("{FAE04EC0-301F-11D3-BF4B-00C04F79EFBC}") = "Optimization", "Optimization\Optimization.csproj", "{149446E0-48DC-49DD-A4DF-294407181992}"
EndProject
Project("{FAE04EC0-301F-11D3-BF4B-00C04F79EFBC}") = "2dWPF", "2dWPF\2dWPF.csproj", "{8D670826-E0DB-4B19-ACC0-72921590451E}"
EndProject
Global
	GlobalSection(SolutionConfigurationPlatforms) = preSolution
		Debug|Any CPU = Debug|Any CPU
		Release|Any CPU = Release|Any CPU
	EndGlobalSection
	GlobalSection(ProjectConfigurationPlatforms) = postSolution
		{149446E0-48DC-49DD-A4DF-294407181992}.Debug|Any CPU.ActiveCfg = Debug|Any CPU
		{149446E0-48DC-49DD-A4DF-294407181992}.Debug|Any CPU.Build.0 = Debug|Any CPU
		{149446E0-48DC-49DD-A4DF-294407181992}.Release|Any CPU.ActiveCfg = Release|Any CPU
		{149446E0-48DC-49DD-A4DF-294407181992}.Release|Any CPU.Build.0 = Release|Any CPU
		{8D670826-E0DB-4B19-ACC0-72921590451E}.Debug|Any CPU.ActiveCfg = Debug|Any CPU
		{8D670826-E0DB-4B19-ACC0-72921590451E}.Debug|Any CPU.Build.0 = Debug|Any CPU
		{8D670826-E0DB-4B19-ACC0-72921590451E}.Release|Any CPU.ActiveCfg = Release|Any CPU
		{8D670826-E0DB-4B19-ACC0-72921590451E}.Release|Any CPU.Build.0 = Release|Any CPU
	EndGlobalSection
	GlobalSection(SolutionProperties) = preSolution
		HideSolutionNode = FALSE
	EndGlobalSection
	GlobalSection(ExtensibilityGlobals) = postSolution
		SolutionGuid = {1BEA228A-D933-4317-A93A-C00096355D59}
	EndGlobalSection
EndGlobal
